{
  "name": "svelte-window",
  "version": "1.1.3",
  "lockfileVersion": 2,
  "requires": true,
  "packages": {
    "": {
      "version": "1.1.3",
      "license": "MIT",
      "devDependencies": {
        "svelte": "^3.32.3"
      }
    },
    "node_modules/svelte": {
      "version": "3.32.3",
      "resolved": "https://registry.npmjs.org/svelte/-/svelte-3.32.3.tgz",
      "integrity": "sha512-5etu/wDwtewhnYO/631KKTjSmFrKohFLWNm1sWErVHXqGZ8eJLqrW0qivDSyYTcN8GbUqsR4LkIhftNFsjNehg==",
      "dev": true,
      "engines": {
        "node": ">= 8"
      }
    }
  },
  "dependencies": {
    "svelte": {
      "version": "3.32.3",
      "resolved": "https://registry.npmjs.org/svelte/-/svelte-3.32.3.tgz",
      "integrity": "sha512-5etu/wDwtewhnYO/631KKTjSmFrKohFLWNm1sWErVHXqGZ8eJLqrW0qivDSyYTcN8GbUqsR4LkIhftNFsjNehg==",
      "dev": true
    }
  }
}
